{
  "version": 4,
  "terraform_version": "1.6.2",
  "serial": 92,
  "lineage": "e19acdc2-a099-6010-ab8a-207557b17730",
  "outputs": {
    "bucket_url": {
      "value": "https://storage.googleapis.com/heat-wave-416401-task1/index.htmlheat-wave-416401-task1/index.html",
      "type": "string"
    }
  },
  "resources": [
    {
      "mode": "managed",
      "type": "google_storage_bucket",
      "name": "task1",
      "provider": "provider[\"registry.opentofu.org/hashicorp/google\"]",
      "instances": [
        {
          "schema_version": 1,
          "attributes": {
            "autoclass": [],
            "cors": [],
            "custom_placement_config": [],
            "default_event_based_hold": false,
            "effective_labels": {},
            "enable_object_retention": false,
            "encryption": [],
            "force_destroy": true,
            "id": "heat-wave-416401-task1",
            "labels": null,
            "lifecycle_rule": [],
            "location": "US",
            "logging": [],
            "name": "heat-wave-416401-task1",
            "project": "heat-wave-416401",
            "project_number": 485832835166,
            "public_access_prevention": "inherited",
            "requester_pays": false,
            "retention_policy": [],
            "rpo": "DEFAULT",
            "self_link": "https://www.googleapis.com/storage/v1/b/heat-wave-416401-task1",
            "soft_delete_policy": [
              {
                "effective_time": "2024-05-25T01:37:44.418Z",
                "retention_duration_seconds": 604800
              }
            ],
            "storage_class": "STANDARD",
            "terraform_labels": {},
            "timeouts": null,
            "uniform_bucket_level_access": false,
            "url": "gs://heat-wave-416401-task1",
            "versioning": [],
            "website": [
              {
                "main_page_suffix": "index.html",
                "not_found_page": "404.html"
              }
            ]
          },
          "sensitive_attributes": [],
          "private": "eyJlMmJmYjczMC1lY2FhLTExZTYtOGY4OC0zNDM2M2JjN2M0YzAiOnsiY3JlYXRlIjo2MDAwMDAwMDAwMDAsInJlYWQiOjI0MDAwMDAwMDAwMCwidXBkYXRlIjoyNDAwMDAwMDAwMDB9LCJzY2hlbWFfdmVyc2lvbiI6IjEifQ=="
        }
      ]
    },
    {
      "mode": "managed",
      "type": "google_storage_bucket_access_control",
      "name": "public_rule",
      "provider": "provider[\"registry.opentofu.org/hashicorp/google\"]",
      "instances": [
        {
          "schema_version": 0,
          "attributes": {
            "bucket": "heat-wave-416401-task1",
            "domain": "",
            "email": "",
            "entity": "allUsers",
            "id": "heat-wave-416401-task1/allUsers",
            "role": "READER",
            "timeouts": null
          },
          "sensitive_attributes": [],
          "private": "eyJlMmJmYjczMC1lY2FhLTExZTYtOGY4OC0zNDM2M2JjN2M0YzAiOnsiY3JlYXRlIjoxMjAwMDAwMDAwMDAwLCJkZWxldGUiOjEyMDAwMDAwMDAwMDAsInVwZGF0ZSI6MTIwMDAwMDAwMDAwMH19",
          "dependencies": [
            "google_storage_bucket.task1"
          ]
        }
      ]
    },
    {
      "mode": "managed",
      "type": "google_storage_bucket_iam_binding",
      "name": "public_access",
      "provider": "provider[\"registry.opentofu.org/hashicorp/google\"]",
      "instances": [
        {
          "schema_version": 0,
          "attributes": {
            "bucket": "b/heat-wave-416401-task1",
            "condition": [],
            "etag": "CAM=",
            "id": "b/heat-wave-416401-task1/roles/storage.objectViewer",
            "members": [
              "allUsers"
            ],
            "role": "roles/storage.objectViewer"
          },
          "sensitive_attributes": [],
          "private": "bnVsbA==",
          "dependencies": [
            "google_storage_bucket.task1"
          ]
        }
      ]
    },
    {
      "mode": "managed",
      "type": "google_storage_bucket_object",
      "name": "default",
      "provider": "provider[\"registry.opentofu.org/hashicorp/google\"]",
      "instances": [
        {
          "schema_version": 0,
          "attributes": {
            "bucket": "heat-wave-416401-task1",
            "cache_control": "",
            "content": null,
            "content_disposition": "",
            "content_encoding": "",
            "content_language": "",
            "content_type": "text/html",
            "crc32c": "MKPI7g==",
            "customer_encryption": [],
            "detect_md5hash": "OROXtyCEDxOepB4kKfuWCg==",
            "event_based_hold": false,
            "id": "heat-wave-416401-task1-index.html",
            "kms_key_name": "",
            "md5hash": "OROXtyCEDxOepB4kKfuWCg==",
            "media_link": "https://storage.googleapis.com/download/storage/v1/b/heat-wave-416401-task1/o/index.html?generation=1716601064751506\u0026alt=media",
            "metadata": null,
            "name": "index.html",
            "output_name": "index.html",
            "retention": [],
            "self_link": "https://www.googleapis.com/storage/v1/b/heat-wave-416401-task1/o/index.html",
            "source": "public/index.html",
            "storage_class": "STANDARD",
            "temporary_hold": false,
            "timeouts": null
          },
          "sensitive_attributes": [],
          "private": "eyJlMmJmYjczMC1lY2FhLTExZTYtOGY4OC0zNDM2M2JjN2M0YzAiOnsiY3JlYXRlIjoyNDAwMDAwMDAwMDAsImRlbGV0ZSI6MjQwMDAwMDAwMDAwLCJ1cGRhdGUiOjI0MDAwMDAwMDAwMH19",
          "dependencies": [
            "google_storage_bucket.task1"
          ]
        }
      ]
    }
  ],
  "check_results": null
}
